
Microsoft Visual Studio Solution File, Format Version 12.00
# Visual Studio Version 17
VisualStudioVersion = 17.9.34728.123
MinimumVisualStudioVersion = 10.0.40219.1
Project("{FAE04EC0-301F-11D3-BF4B-00C04F79EFBC}") = "EjemploStrings", "EjemploStrings\EjemploStrings.csproj", "{F6DA0064-0768-45DF-9523-BADE3DCA8FE1}"
EndProject
Global
	GlobalSection(SolutionConfigurationPlatforms) = preSolution
		Debug|Any CPU = Debug|Any CPU
		Release|Any CPU = Release|Any CPU
	EndGlobalSection
	GlobalSection(ProjectConfigurationPlatforms) = postSolution
		{F6DA0064-0768-45DF-9523-BADE3DCA8FE1}.Debug|Any CPU.ActiveCfg = Debug|Any CPU
		{F6DA0064-0768-45DF-9523-BADE3DCA8FE1}.Debug|Any CPU.Build.0 = Debug|Any CPU
		{F6DA0064-0768-45DF-9523-BADE3DCA8FE1}.Release|Any CPU.ActiveCfg = Release|Any CPU
		{F6DA0064-0768-45DF-9523-BADE3DCA8FE1}.Release|Any CPU.Build.0 = Release|Any CPU
	EndGlobalSection
	GlobalSection(SolutionProperties) = preSolution
		HideSolutionNode = FALSE
	EndGlobalSection
	GlobalSection(ExtensibilityGlobals) = postSolution
		SolutionGuid = {2B05D2D3-9FA3-40F5-A8DE-F43229846504}
	EndGlobalSection
EndGlobal
